
Microsoft Visual Studio Solution File, Format Version 12.00
Project("{FAE04EC0-301F-11D3-BF4B-00C04F79EFBC}") = "Catan.Tests", "Catan.Tests\Catan.Tests.csproj", "{612F8678-551B-4489-9830-BEE2BC9A7F37}"
EndProject
Project("{FAE04EC0-301F-11D3-BF4B-00C04F79EFBC}") = "Catan.App", "Catan.App\Catan.App.csproj", "{CA72B6E7-7D68-47F0-862A-231E4AD93018}"
EndProject
Global
	GlobalSection(SolutionConfigurationPlatforms) = preSolution
		Debug|Any CPU = Debug|Any CPU
		Release|Any CPU = Release|Any CPU
	EndGlobalSection
	GlobalSection(ProjectConfigurationPlatforms) = postSolution
		{612F8678-551B-4489-9830-BEE2BC9A7F37}.Debug|Any CPU.ActiveCfg = Debug|Any CPU
		{612F8678-551B-4489-9830-BEE2BC9A7F37}.Debug|Any CPU.Build.0 = Debug|Any CPU
		{612F8678-551B-4489-9830-BEE2BC9A7F37}.Release|Any CPU.ActiveCfg = Release|Any CPU
		{612F8678-551B-4489-9830-BEE2BC9A7F37}.Release|Any CPU.Build.0 = Release|Any CPU
		{CA72B6E7-7D68-47F0-862A-231E4AD93018}.Debug|Any CPU.ActiveCfg = Debug|Any CPU
		{CA72B6E7-7D68-47F0-862A-231E4AD93018}.Debug|Any CPU.Build.0 = Debug|Any CPU
		{CA72B6E7-7D68-47F0-862A-231E4AD93018}.Release|Any CPU.ActiveCfg = Release|Any CPU
		{CA72B6E7-7D68-47F0-862A-231E4AD93018}.Release|Any CPU.Build.0 = Release|Any CPU
	EndGlobalSection
EndGlobal
